<Solution>
  <Folder Name="/FontEnd/">
    <Project Path="Mango.Web/Mango.Web.csproj" Id="a8e90494-5627-4739-9474-942c87a1bed7" />
  </Folder>
  <Folder Name="/Gateway/" />
  <Folder Name="/Integration/" />
  <Folder Name="/Services/">
    <Project Path="Mango.Services.CouponAPI/Mango.Services.CouponAPI.csproj" />
  </Folder>
</Solution>
